
Microsoft Visual Studio Solution File, Format Version 12.00
# Visual Studio Version 17
VisualStudioVersion = 17.13.35931.197
MinimumVisualStudioVersion = 10.0.40219.1
Project("{FAE04EC0-301F-11D3-BF4B-00C04F79EFBC}") = "Code_Algoritmo", "Code_Algoritmo.csproj", "{5ECBDB14-9555-4997-9F40-AC46543FA0E8}"
EndProject
Project("{FAE04EC0-301F-11D3-BF4B-00C04F79EFBC}") = "Practica", "..\Practica\Practica.csproj", "{07DCF682-6E0B-43AD-90C3-D9E5F06FFD4F}"
EndProject
Global
	GlobalSection(SolutionConfigurationPlatforms) = preSolution
		Debug|Any CPU = Debug|Any CPU
		Release|Any CPU = Release|Any CPU
	EndGlobalSection
	GlobalSection(ProjectConfigurationPlatforms) = postSolution
		{5ECBDB14-9555-4997-9F40-AC46543FA0E8}.Debug|Any CPU.ActiveCfg = Debug|Any CPU
		{5ECBDB14-9555-4997-9F40-AC46543FA0E8}.Debug|Any CPU.Build.0 = Debug|Any CPU
		{5ECBDB14-9555-4997-9F40-AC46543FA0E8}.Release|Any CPU.ActiveCfg = Release|Any CPU
		{5ECBDB14-9555-4997-9F40-AC46543FA0E8}.Release|Any CPU.Build.0 = Release|Any CPU
		{07DCF682-6E0B-43AD-90C3-D9E5F06FFD4F}.Debug|Any CPU.ActiveCfg = Debug|Any CPU
		{07DCF682-6E0B-43AD-90C3-D9E5F06FFD4F}.Debug|Any CPU.Build.0 = Debug|Any CPU
		{07DCF682-6E0B-43AD-90C3-D9E5F06FFD4F}.Release|Any CPU.ActiveCfg = Release|Any CPU
		{07DCF682-6E0B-43AD-90C3-D9E5F06FFD4F}.Release|Any CPU.Build.0 = Release|Any CPU
	EndGlobalSection
	GlobalSection(SolutionProperties) = preSolution
		HideSolutionNode = FALSE
	EndGlobalSection
	GlobalSection(ExtensibilityGlobals) = postSolution
		SolutionGuid = {94986EA3-83EA-4909-BCA5-15B335A91C7F}
	EndGlobalSection
EndGlobal
